
Microsoft Visual Studio Solution File, Format Version 12.00
# Visual Studio 2013
VisualStudioVersion = 12.0.40629.0
MinimumVisualStudioVersion = 10.0.40219.1
Project("{FAE04EC0-301F-11D3-BF4B-00C04F79EFBC}") = "Domain", "Domain\Domain.csproj", "{4E371488-9387-422F-9A23-17C89CCE31A5}"
EndProject
Project("{FAE04EC0-301F-11D3-BF4B-00C04F79EFBC}") = "WebUI", "WebUI\WebUI.csproj", "{E162155E-2152-46C8-A992-4B0E53E98C2B}"
EndProject
Project("{FAE04EC0-301F-11D3-BF4B-00C04F79EFBC}") = "UnitTests", "UnitTests\UnitTests.csproj", "{F8195B35-9E65-4D27-9E76-B0E228B0EE10}"
EndProject
Global
	GlobalSection(SolutionConfigurationPlatforms) = preSolution
		Debug|Any CPU = Debug|Any CPU
		Release|Any CPU = Release|Any CPU
	EndGlobalSection
	GlobalSection(ProjectConfigurationPlatforms) = postSolution
		{4E371488-9387-422F-9A23-17C89CCE31A5}.Debug|Any CPU.ActiveCfg = Debug|Any CPU
		{4E371488-9387-422F-9A23-17C89CCE31A5}.Debug|Any CPU.Build.0 = Debug|Any CPU
		{4E371488-9387-422F-9A23-17C89CCE31A5}.Release|Any CPU.ActiveCfg = Release|Any CPU
		{4E371488-9387-422F-9A23-17C89CCE31A5}.Release|Any CPU.Build.0 = Release|Any CPU
		{E162155E-2152-46C8-A992-4B0E53E98C2B}.Debug|Any CPU.ActiveCfg = Debug|Any CPU
		{E162155E-2152-46C8-A992-4B0E53E98C2B}.Debug|Any CPU.Build.0 = Debug|Any CPU
		{E162155E-2152-46C8-A992-4B0E53E98C2B}.Release|Any CPU.ActiveCfg = Release|Any CPU
		{E162155E-2152-46C8-A992-4B0E53E98C2B}.Release|Any CPU.Build.0 = Release|Any CPU
		{F8195B35-9E65-4D27-9E76-B0E228B0EE10}.Debug|Any CPU.ActiveCfg = Debug|Any CPU
		{F8195B35-9E65-4D27-9E76-B0E228B0EE10}.Debug|Any CPU.Build.0 = Debug|Any CPU
		{F8195B35-9E65-4D27-9E76-B0E228B0EE10}.Release|Any CPU.ActiveCfg = Release|Any CPU
		{F8195B35-9E65-4D27-9E76-B0E228B0EE10}.Release|Any CPU.Build.0 = Release|Any CPU
	EndGlobalSection
	GlobalSection(SolutionProperties) = preSolution
		HideSolutionNode = FALSE
	EndGlobalSection
EndGlobal
